# THIS IS AN AUTOGENERATED FILE. DO NOT EDIT THIS FILE DIRECTLY.
# yarn lockfile v1


react-native-keychain@^8.0.0:
  version "8.0.0"
  resolved "https://registry.yarnpkg.com/react-native-keychain/-/react-native-keychain-8.0.0.tgz#ff708e4dc2a5440df717179bf9b7cd50f78b61d7"
  integrity sha512-c7Cs+YQN26UaQsRG1dmlXL7VL2ctnXwH/dl0IOMEQ7ZaL2NdN313YSAI8ZEZZjrVhNmPsyWEuvTFqWrdpItqQg==
